
Microsoft Visual Studio Solution File, Format Version 12.00
# Visual Studio Version 17
VisualStudioVersion = 17.1.32328.378
MinimumVisualStudioVersion = 10.0.40219.1
Project("{8BC9CEB8-8B4A-11D0-8D11-00A0C91BC942}") = "HW 7-1b", "HW 7-1b\HW 7-1b.vcxproj", "{439A1BDD-7579-4F35-B447-B39F3A27640E}"
EndProject
Global
	GlobalSection(SolutionConfigurationPlatforms) = preSolution
		Debug|x64 = Debug|x64
		Debug|x86 = Debug|x86
		Release|x64 = Release|x64
		Release|x86 = Release|x86
	EndGlobalSection
	GlobalSection(ProjectConfigurationPlatforms) = postSolution
		{439A1BDD-7579-4F35-B447-B39F3A27640E}.Debug|x64.ActiveCfg = Debug|x64
		{439A1BDD-7579-4F35-B447-B39F3A27640E}.Debug|x64.Build.0 = Debug|x64
		{439A1BDD-7579-4F35-B447-B39F3A27640E}.Debug|x86.ActiveCfg = Debug|Win32
		{439A1BDD-7579-4F35-B447-B39F3A27640E}.Debug|x86.Build.0 = Debug|Win32
		{439A1BDD-7579-4F35-B447-B39F3A27640E}.Release|x64.ActiveCfg = Release|x64
		{439A1BDD-7579-4F35-B447-B39F3A27640E}.Release|x64.Build.0 = Release|x64
		{439A1BDD-7579-4F35-B447-B39F3A27640E}.Release|x86.ActiveCfg = Release|Win32
		{439A1BDD-7579-4F35-B447-B39F3A27640E}.Release|x86.Build.0 = Release|Win32
	EndGlobalSection
	GlobalSection(SolutionProperties) = preSolution
		HideSolutionNode = FALSE
	EndGlobalSection
	GlobalSection(ExtensibilityGlobals) = postSolution
		SolutionGuid = {F13B9E8A-6F5F-4710-8CEE-77EE6F934C59}
	EndGlobalSection
EndGlobal
