
Microsoft Visual Studio Solution File, Format Version 12.00
# Visual Studio Version 17
VisualStudioVersion = 17.0.32014.148
MinimumVisualStudioVersion = 10.0.40219.1
Project("{8BC9CEB8-8B4A-11D0-8D11-00A0C91BC942}") = "Lecture 5-4 Recursion", "Lecture 5-4 Recursion\Lecture 5-4 Recursion.vcxproj", "{C67838AA-646A-49E7-9DF9-E7B066483283}"
EndProject
Global
	GlobalSection(SolutionConfigurationPlatforms) = preSolution
		Debug|x64 = Debug|x64
		Debug|x86 = Debug|x86
		Release|x64 = Release|x64
		Release|x86 = Release|x86
	EndGlobalSection
	GlobalSection(ProjectConfigurationPlatforms) = postSolution
		{C67838AA-646A-49E7-9DF9-E7B066483283}.Debug|x64.ActiveCfg = Debug|x64
		{C67838AA-646A-49E7-9DF9-E7B066483283}.Debug|x64.Build.0 = Debug|x64
		{C67838AA-646A-49E7-9DF9-E7B066483283}.Debug|x86.ActiveCfg = Debug|Win32
		{C67838AA-646A-49E7-9DF9-E7B066483283}.Debug|x86.Build.0 = Debug|Win32
		{C67838AA-646A-49E7-9DF9-E7B066483283}.Release|x64.ActiveCfg = Release|x64
		{C67838AA-646A-49E7-9DF9-E7B066483283}.Release|x64.Build.0 = Release|x64
		{C67838AA-646A-49E7-9DF9-E7B066483283}.Release|x86.ActiveCfg = Release|Win32
		{C67838AA-646A-49E7-9DF9-E7B066483283}.Release|x86.Build.0 = Release|Win32
	EndGlobalSection
	GlobalSection(SolutionProperties) = preSolution
		HideSolutionNode = FALSE
	EndGlobalSection
	GlobalSection(ExtensibilityGlobals) = postSolution
		SolutionGuid = {4D8EC38D-54B6-416C-A5C3-AB041CB62CC8}
	EndGlobalSection
EndGlobal
