
Microsoft Visual Studio Solution File, Format Version 12.00
# Visual Studio Version 17
VisualStudioVersion = 17.0.32014.148
MinimumVisualStudioVersion = 10.0.40219.1
Project("{8BC9CEB8-8B4A-11D0-8D11-00A0C91BC942}") = "HW 3", "HW 3\HW 3.vcxproj", "{52937FF9-B93D-47F2-AA4D-C7293EF970B0}"
EndProject
Global
	GlobalSection(SolutionConfigurationPlatforms) = preSolution
		Debug|x64 = Debug|x64
		Debug|x86 = Debug|x86
		Release|x64 = Release|x64
		Release|x86 = Release|x86
	EndGlobalSection
	GlobalSection(ProjectConfigurationPlatforms) = postSolution
		{52937FF9-B93D-47F2-AA4D-C7293EF970B0}.Debug|x64.ActiveCfg = Debug|x64
		{52937FF9-B93D-47F2-AA4D-C7293EF970B0}.Debug|x64.Build.0 = Debug|x64
		{52937FF9-B93D-47F2-AA4D-C7293EF970B0}.Debug|x86.ActiveCfg = Debug|Win32
		{52937FF9-B93D-47F2-AA4D-C7293EF970B0}.Debug|x86.Build.0 = Debug|Win32
		{52937FF9-B93D-47F2-AA4D-C7293EF970B0}.Release|x64.ActiveCfg = Release|x64
		{52937FF9-B93D-47F2-AA4D-C7293EF970B0}.Release|x64.Build.0 = Release|x64
		{52937FF9-B93D-47F2-AA4D-C7293EF970B0}.Release|x86.ActiveCfg = Release|Win32
		{52937FF9-B93D-47F2-AA4D-C7293EF970B0}.Release|x86.Build.0 = Release|Win32
	EndGlobalSection
	GlobalSection(SolutionProperties) = preSolution
		HideSolutionNode = FALSE
	EndGlobalSection
	GlobalSection(ExtensibilityGlobals) = postSolution
		SolutionGuid = {64388891-79D5-4DAD-9C34-8B2D0ECE30F1}
	EndGlobalSection
EndGlobal
